
Microsoft Visual Studio Solution File, Format Version 12.00
# Visual Studio 15
VisualStudioVersion = 15.0.28010.2016
MinimumVisualStudioVersion = 10.0.40219.1
Project("{FAE04EC0-301F-11D3-BF4B-00C04F79EFBC}") = "DogApp", "DogApp\DogApp.csproj", "{81E1D276-D602-4592-95C3-2919E97748FE}"
EndProject
Project("{FAE04EC0-301F-11D3-BF4B-00C04F79EFBC}") = "DogApp.Tests", "DogApp.Tests\DogApp.Tests.csproj", "{E38D84CC-0792-4E46-888A-1D1DD744F873}"
EndProject
Global
	GlobalSection(SolutionConfigurationPlatforms) = preSolution
		Debug|Any CPU = Debug|Any CPU
		Release|Any CPU = Release|Any CPU
	EndGlobalSection
	GlobalSection(ProjectConfigurationPlatforms) = postSolution
		{81E1D276-D602-4592-95C3-2919E97748FE}.Debug|Any CPU.ActiveCfg = Debug|Any CPU
		{81E1D276-D602-4592-95C3-2919E97748FE}.Debug|Any CPU.Build.0 = Debug|Any CPU
		{81E1D276-D602-4592-95C3-2919E97748FE}.Release|Any CPU.ActiveCfg = Release|Any CPU
		{81E1D276-D602-4592-95C3-2919E97748FE}.Release|Any CPU.Build.0 = Release|Any CPU
		{E38D84CC-0792-4E46-888A-1D1DD744F873}.Debug|Any CPU.ActiveCfg = Debug|Any CPU
		{E38D84CC-0792-4E46-888A-1D1DD744F873}.Debug|Any CPU.Build.0 = Debug|Any CPU
		{E38D84CC-0792-4E46-888A-1D1DD744F873}.Release|Any CPU.ActiveCfg = Release|Any CPU
		{E38D84CC-0792-4E46-888A-1D1DD744F873}.Release|Any CPU.Build.0 = Release|Any CPU
	EndGlobalSection
	GlobalSection(SolutionProperties) = preSolution
		HideSolutionNode = FALSE
	EndGlobalSection
	GlobalSection(ExtensibilityGlobals) = postSolution
		SolutionGuid = {AF35675A-C049-4F1C-A4BC-F07E5DBADAD5}
	EndGlobalSection
EndGlobal
